
Microsoft Visual Studio Solution File, Format Version 12.00
# Visual Studio 2013
VisualStudioVersion = 12.0.31101.0
MinimumVisualStudioVersion = 10.0.40219.1
Project("{2150E333-8FDC-42A3-9474-1A3956D46DE8}") = "SteamAchievementTracker.App", "SteamAchievementTracker.App", "{447CA6F7-4EE9-437A-B499-79FA33E7F231}"
EndProject
Project("{D954291E-2A0B-460D-934E-DC6B0785DB48}") = "SteamAchievementTracker.App.Shared", "SteamAchievementTracker.App\SteamAchievementTracker.App.Shared\SteamAchievementTracker.App.Shared.shproj", "{29F9EB75-B397-4399-BE10-1ACCBFC819BD}"
EndProject
Project("{FAE04EC0-301F-11D3-BF4B-00C04F79EFBC}") = "SteamAchievementTracker.App.Windows", "SteamAchievementTracker.App\SteamAchievementTracker.App.Windows\SteamAchievementTracker.App.Windows.csproj", "{87561CD3-4CE3-4601-AE84-F972F28EED00}"
EndProject
Project("{FAE04EC0-301F-11D3-BF4B-00C04F79EFBC}") = "SteamAchievementTracker.App.WindowsPhone", "SteamAchievementTracker.App\SteamAchievementTracker.App.WindowsPhone\SteamAchievementTracker.App.WindowsPhone.csproj", "{3A08F5E9-D19E-425C-8960-ECC22821CD05}"
EndProject
Project("{FAE04EC0-301F-11D3-BF4B-00C04F79EFBC}") = "SteamAPI", "..\SteamAPI\SteamAPI\SteamAPI.csproj", "{BE7CFEEF-26B9-421D-9C27-269AF6FC826F}"
EndProject
Project("{FAE04EC0-301F-11D3-BF4B-00C04F79EFBC}") = "SteamAchievementTracker.App.DataAccess", "SteamAchievementTracker.App.DataAccess\SteamAchievementTracker.App.DataAccess.csproj", "{8B0EE2E7-8F48-4820-9A5F-A7DA7ED72B3E}"
EndProject
Project("{FAE04EC0-301F-11D3-BF4B-00C04F79EFBC}") = "SteamAPI.Tests", "..\SteamAPI\SteamAPI.Tests\SteamAPI.Tests.csproj", "{F6069EFF-771C-4FFB-9E03-67AEA1458AB1}"
EndProject
Project("{FAE04EC0-301F-11D3-BF4B-00C04F79EFBC}") = "SteamAchievementTracker.App.DataAccess.Tests", "SteamAchievementTracker.App.DataAccess.Tests\SteamAchievementTracker.App.DataAccess.Tests.csproj", "{C18F36EF-34A7-4BB2-AA32-6E35919A3707}"
EndProject
Project("{2150E333-8FDC-42A3-9474-1A3956D46DE8}") = "Tests", "Tests", "{B666D2B4-82E7-4F33-A4F6-A1C1A8C1183A}"
EndProject
Project("{2150E333-8FDC-42A3-9474-1A3956D46DE8}") = ".nuget", ".nuget", "{DA2F921F-32F3-41C7-9B65-DC86E4865C11}"
	ProjectSection(SolutionItems) = preProject
		.nuget\NuGet.Config = .nuget\NuGet.Config
		.nuget\NuGet.exe = .nuget\NuGet.exe
		.nuget\NuGet.targets = .nuget\NuGet.targets
	EndProjectSection
EndProject
Project("{FAE04EC0-301F-11D3-BF4B-00C04F79EFBC}") = "SteamAchievementTracker.AchievementRefresh", "SteamAchievementTracker.AchievementRefresh\SteamAchievementTracker.AchievementRefresh.csproj", "{091DA6CF-7264-4C08-8F07-5F380EF0263E}"
EndProject
Project("{FAE04EC0-301F-11D3-BF4B-00C04F79EFBC}") = "SteamAchievementTracker.Contracts", "SteamAchievementTracker.Contracts\SteamAchievementTracker.Contracts.csproj", "{2000D388-AE31-46F9-B811-70581E96C03C}"
EndProject
Project("{2150E333-8FDC-42A3-9474-1A3956D46DE8}") = "Libraries", "Libraries", "{E618722A-B6AB-4E83-8BFB-639379FDD56A}"
EndProject
Project("{FAE04EC0-301F-11D3-BF4B-00C04F79EFBC}") = "SteamAchievementTracker.ViewModel", "SteamAchievementTracker.ViewModel\SteamAchievementTracker.ViewModel.csproj", "{5F05558D-EFCA-44D5-BE4A-C9E9BE21FBD8}"
EndProject
Project("{FAE04EC0-301F-11D3-BF4B-00C04F79EFBC}") = "SteamAchievementTracker.Services", "SteamAchievementTracker.Services\SteamAchievementTracker.Services.csproj", "{D53F2C6C-B499-4ACD-A116-1CFCA6D78EFB}"
EndProject
Project("{FAE04EC0-301F-11D3-BF4B-00C04F79EFBC}") = "SteamAchievementTracker.Model", "SteamAchievementTracker.Model\SteamAchievementTracker.Model.csproj", "{F4A9E580-EE40-4DAB-A097-20308E80C713}"
EndProject
Project("{FAE04EC0-301F-11D3-BF4B-00C04F79EFBC}") = "SteamAchievementTracker.Repositories", "SteamAchievementTracker.Repositories\SteamAchievementTracker.Repositories.csproj", "{71E2B7DA-CD2E-4820-8421-3CB4BF3A2F44}"
EndProject
Project("{FAE04EC0-301F-11D3-BF4B-00C04F79EFBC}") = "SteamAchievementTracker.DesignData", "SteamAchievementTracker.DesignData\SteamAchievementTracker.DesignData.csproj", "{B4164F57-CF7F-4423-995E-46F12AB7444F}"
EndProject
Project("{FAE04EC0-301F-11D3-BF4B-00C04F79EFBC}") = "SteamAchievementTracker.Settings", "SteamAchievementTracker.Settings\SteamAchievementTracker.Settings.csproj", "{6FFE85EC-CAB7-40DA-84AD-4B974F59CA94}"
EndProject
Project("{FAE04EC0-301F-11D3-BF4B-00C04F79EFBC}") = "SteamAPI.TestsPhone", "SteamAPI.TestsPhone\SteamAPI.TestsPhone.csproj", "{C420FEF4-1080-4BAC-AFDD-0B23BF547BBF}"
EndProject
Project("{FAE04EC0-301F-11D3-BF4B-00C04F79EFBC}") = "SteamAPI.Tests.Agnostic", "SteamAPI.Tests.Agnostic\SteamAPI.Tests.Agnostic.csproj", "{92BAF5EC-0D41-41F4-BD73-F3A3B8D727E4}"
EndProject
Global
	GlobalSection(SharedMSBuildProjectFiles) = preSolution
		SteamAchievementTracker.App\SteamAchievementTracker.App.Shared\SteamAchievementTracker.App.Shared.projitems*{29f9eb75-b397-4399-be10-1accbfc819bd}*SharedItemsImports = 13
		SteamAchievementTracker.App\SteamAchievementTracker.App.Shared\SteamAchievementTracker.App.Shared.projitems*{3a08f5e9-d19e-425c-8960-ecc22821cd05}*SharedItemsImports = 4
		SteamAchievementTracker.App\SteamAchievementTracker.App.Shared\SteamAchievementTracker.App.Shared.projitems*{87561cd3-4ce3-4601-ae84-f972f28eed00}*SharedItemsImports = 4
	EndGlobalSection
	GlobalSection(SolutionConfigurationPlatforms) = preSolution
		Debug|Any CPU = Debug|Any CPU
		Debug|ARM = Debug|ARM
		Debug|Mixed Platforms = Debug|Mixed Platforms
		Debug|x64 = Debug|x64
		Debug|x86 = Debug|x86
		Design|Any CPU = Design|Any CPU
		Design|ARM = Design|ARM
		Design|Mixed Platforms = Design|Mixed Platforms
		Design|x64 = Design|x64
		Design|x86 = Design|x86
		Release|Any CPU = Release|Any CPU
		Release|ARM = Release|ARM
		Release|Mixed Platforms = Release|Mixed Platforms
		Release|x64 = Release|x64
		Release|x86 = Release|x86
	EndGlobalSection
	GlobalSection(ProjectConfigurationPlatforms) = postSolution
		{87561CD3-4CE3-4601-AE84-F972F28EED00}.Debug|Any CPU.ActiveCfg = Debug|Any CPU
		{87561CD3-4CE3-4601-AE84-F972F28EED00}.Debug|Any CPU.Build.0 = Debug|Any CPU
		{87561CD3-4CE3-4601-AE84-F972F28EED00}.Debug|Any CPU.Deploy.0 = Debug|Any CPU
		{87561CD3-4CE3-4601-AE84-F972F28EED00}.Debug|ARM.ActiveCfg = Debug|ARM
		{87561CD3-4CE3-4601-AE84-F972F28EED00}.Debug|ARM.Build.0 = Debug|ARM
		{87561CD3-4CE3-4601-AE84-F972F28EED00}.Debug|ARM.Deploy.0 = Debug|ARM
		{87561CD3-4CE3-4601-AE84-F972F28EED00}.Debug|Mixed Platforms.ActiveCfg = Debug|x86
		{87561CD3-4CE3-4601-AE84-F972F28EED00}.Debug|Mixed Platforms.Build.0 = Debug|x86
		{87561CD3-4CE3-4601-AE84-F972F28EED00}.Debug|Mixed Platforms.Deploy.0 = Debug|x86
		{87561CD3-4CE3-4601-AE84-F972F28EED00}.Debug|x64.ActiveCfg = Debug|x64
		{87561CD3-4CE3-4601-AE84-F972F28EED00}.Debug|x64.Build.0 = Debug|x64
		{87561CD3-4CE3-4601-AE84-F972F28EED00}.Debug|x64.Deploy.0 = Debug|x64
		{87561CD3-4CE3-4601-AE84-F972F28EED00}.Debug|x86.ActiveCfg = Debug|x86
		{87561CD3-4CE3-4601-AE84-F972F28EED00}.Debug|x86.Build.0 = Debug|x86
		{87561CD3-4CE3-4601-AE84-F972F28EED00}.Debug|x86.Deploy.0 = Debug|x86
		{87561CD3-4CE3-4601-AE84-F972F28EED00}.Design|Any CPU.ActiveCfg = Design|Any CPU
		{87561CD3-4CE3-4601-AE84-F972F28EED00}.Design|Any CPU.Build.0 = Design|Any CPU
		{87561CD3-4CE3-4601-AE84-F972F28EED00}.Design|Any CPU.Deploy.0 = Design|Any CPU
		{87561CD3-4CE3-4601-AE84-F972F28EED00}.Design|ARM.ActiveCfg = Design|ARM
		{87561CD3-4CE3-4601-AE84-F972F28EED00}.Design|ARM.Build.0 = Design|ARM
		{87561CD3-4CE3-4601-AE84-F972F28EED00}.Design|ARM.Deploy.0 = Design|ARM
		{87561CD3-4CE3-4601-AE84-F972F28EED00}.Design|Mixed Platforms.ActiveCfg = Design|x86
		{87561CD3-4CE3-4601-AE84-F972F28EED00}.Design|Mixed Platforms.Build.0 = Design|x86
		{87561CD3-4CE3-4601-AE84-F972F28EED00}.Design|Mixed Platforms.Deploy.0 = Design|x86
		{87561CD3-4CE3-4601-AE84-F972F28EED00}.Design|x64.ActiveCfg = Design|x64
		{87561CD3-4CE3-4601-AE84-F972F28EED00}.Design|x64.Build.0 = Design|x64
		{87561CD3-4CE3-4601-AE84-F972F28EED00}.Design|x64.Deploy.0 = Design|x64
		{87561CD3-4CE3-4601-AE84-F972F28EED00}.Design|x86.ActiveCfg = Design|x86
		{87561CD3-4CE3-4601-AE84-F972F28EED00}.Design|x86.Build.0 = Design|x86
		{87561CD3-4CE3-4601-AE84-F972F28EED00}.Design|x86.Deploy.0 = Design|x86
		{87561CD3-4CE3-4601-AE84-F972F28EED00}.Release|Any CPU.ActiveCfg = Release|Any CPU
		{87561CD3-4CE3-4601-AE84-F972F28EED00}.Release|Any CPU.Build.0 = Release|Any CPU
		{87561CD3-4CE3-4601-AE84-F972F28EED00}.Release|Any CPU.Deploy.0 = Release|Any CPU
		{87561CD3-4CE3-4601-AE84-F972F28EED00}.Release|ARM.ActiveCfg = Release|ARM
		{87561CD3-4CE3-4601-AE84-F972F28EED00}.Release|ARM.Build.0 = Release|ARM
		{87561CD3-4CE3-4601-AE84-F972F28EED00}.Release|ARM.Deploy.0 = Release|ARM
		{87561CD3-4CE3-4601-AE84-F972F28EED00}.Release|Mixed Platforms.ActiveCfg = Release|x86
		{87561CD3-4CE3-4601-AE84-F972F28EED00}.Release|Mixed Platforms.Build.0 = Release|x86
		{87561CD3-4CE3-4601-AE84-F972F28EED00}.Release|Mixed Platforms.Deploy.0 = Release|x86
		{87561CD3-4CE3-4601-AE84-F972F28EED00}.Release|x64.ActiveCfg = Release|x64
		{87561CD3-4CE3-4601-AE84-F972F28EED00}.Release|x64.Build.0 = Release|x64
		{87561CD3-4CE3-4601-AE84-F972F28EED00}.Release|x64.Deploy.0 = Release|x64
		{87561CD3-4CE3-4601-AE84-F972F28EED00}.Release|x86.ActiveCfg = Release|x86
		{87561CD3-4CE3-4601-AE84-F972F28EED00}.Release|x86.Build.0 = Release|x86
		{87561CD3-4CE3-4601-AE84-F972F28EED00}.Release|x86.Deploy.0 = Release|x86
		{3A08F5E9-D19E-425C-8960-ECC22821CD05}.Debug|Any CPU.ActiveCfg = Debug|Any CPU
		{3A08F5E9-D19E-425C-8960-ECC22821CD05}.Debug|Any CPU.Build.0 = Debug|Any CPU
		{3A08F5E9-D19E-425C-8960-ECC22821CD05}.Debug|Any CPU.Deploy.0 = Debug|Any CPU
		{3A08F5E9-D19E-425C-8960-ECC22821CD05}.Debug|ARM.ActiveCfg = Debug|ARM
		{3A08F5E9-D19E-425C-8960-ECC22821CD05}.Debug|ARM.Build.0 = Debug|ARM
		{3A08F5E9-D19E-425C-8960-ECC22821CD05}.Debug|ARM.Deploy.0 = Debug|ARM
		{3A08F5E9-D19E-425C-8960-ECC22821CD05}.Debug|Mixed Platforms.ActiveCfg = Debug|x86
		{3A08F5E9-D19E-425C-8960-ECC22821CD05}.Debug|Mixed Platforms.Build.0 = Debug|x86
		{3A08F5E9-D19E-425C-8960-ECC22821CD05}.Debug|Mixed Platforms.Deploy.0 = Debug|x86
		{3A08F5E9-D19E-425C-8960-ECC22821CD05}.Debug|x64.ActiveCfg = Debug|Any CPU
		{3A08F5E9-D19E-425C-8960-ECC22821CD05}.Debug|x86.ActiveCfg = Debug|x86
		{3A08F5E9-D19E-425C-8960-ECC22821CD05}.Debug|x86.Build.0 = Debug|x86
		{3A08F5E9-D19E-425C-8960-ECC22821CD05}.Debug|x86.Deploy.0 = Debug|x86
		{3A08F5E9-D19E-425C-8960-ECC22821CD05}.Design|Any CPU.ActiveCfg = Design|Any CPU
		{3A08F5E9-D19E-425C-8960-ECC22821CD05}.Design|Any CPU.Build.0 = Design|Any CPU
		{3A08F5E9-D19E-425C-8960-ECC22821CD05}.Design|Any CPU.Deploy.0 = Design|Any CPU
		{3A08F5E9-D19E-425C-8960-ECC22821CD05}.Design|ARM.ActiveCfg = Design|ARM
		{3A08F5E9-D19E-425C-8960-ECC22821CD05}.Design|ARM.Build.0 = Design|ARM
		{3A08F5E9-D19E-425C-8960-ECC22821CD05}.Design|ARM.Deploy.0 = Design|ARM
		{3A08F5E9-D19E-425C-8960-ECC22821CD05}.Design|Mixed Platforms.ActiveCfg = Design|x86
		{3A08F5E9-D19E-425C-8960-ECC22821CD05}.Design|Mixed Platforms.Build.0 = Design|x86
		{3A08F5E9-D19E-425C-8960-ECC22821CD05}.Design|Mixed Platforms.Deploy.0 = Design|x86
		{3A08F5E9-D19E-425C-8960-ECC22821CD05}.Design|x64.ActiveCfg = Design|Any CPU
		{3A08F5E9-D19E-425C-8960-ECC22821CD05}.Design|x86.ActiveCfg = Design|x86
		{3A08F5E9-D19E-425C-8960-ECC22821CD05}.Design|x86.Build.0 = Design|x86
		{3A08F5E9-D19E-425C-8960-ECC22821CD05}.Design|x86.Deploy.0 = Design|x86
		{3A08F5E9-D19E-425C-8960-ECC22821CD05}.Release|Any CPU.ActiveCfg = Release|Any CPU
		{3A08F5E9-D19E-425C-8960-ECC22821CD05}.Release|Any CPU.Build.0 = Release|Any CPU
		{3A08F5E9-D19E-425C-8960-ECC22821CD05}.Release|Any CPU.Deploy.0 = Release|Any CPU
		{3A08F5E9-D19E-425C-8960-ECC22821CD05}.Release|ARM.ActiveCfg = Release|ARM
		{3A08F5E9-D19E-425C-8960-ECC22821CD05}.Release|ARM.Build.0 = Release|ARM
		{3A08F5E9-D19E-425C-8960-ECC22821CD05}.Release|ARM.Deploy.0 = Release|ARM
		{3A08F5E9-D19E-425C-8960-ECC22821CD05}.Release|Mixed Platforms.ActiveCfg = Release|ARM
		{3A08F5E9-D19E-425C-8960-ECC22821CD05}.Release|Mixed Platforms.Build.0 = Release|ARM
		{3A08F5E9-D19E-425C-8960-ECC22821CD05}.Release|Mixed Platforms.Deploy.0 = Release|ARM
		{3A08F5E9-D19E-425C-8960-ECC22821CD05}.Release|x64.ActiveCfg = Release|Any CPU
		{3A08F5E9-D19E-425C-8960-ECC22821CD05}.Release|x86.ActiveCfg = Release|x86
		{3A08F5E9-D19E-425C-8960-ECC22821CD05}.Release|x86.Build.0 = Release|x86
		{3A08F5E9-D19E-425C-8960-ECC22821CD05}.Release|x86.Deploy.0 = Release|x86
		{BE7CFEEF-26B9-421D-9C27-269AF6FC826F}.Debug|Any CPU.ActiveCfg = Debug|Any CPU
		{BE7CFEEF-26B9-421D-9C27-269AF6FC826F}.Debug|Any CPU.Build.0 = Debug|Any CPU
		{BE7CFEEF-26B9-421D-9C27-269AF6FC826F}.Debug|ARM.ActiveCfg = Debug|Any CPU
		{BE7CFEEF-26B9-421D-9C27-269AF6FC826F}.Debug|ARM.Build.0 = Debug|Any CPU
		{BE7CFEEF-26B9-421D-9C27-269AF6FC826F}.Debug|Mixed Platforms.ActiveCfg = Debug|Any CPU
		{BE7CFEEF-26B9-421D-9C27-269AF6FC826F}.Debug|Mixed Platforms.Build.0 = Debug|Any CPU
		{BE7CFEEF-26B9-421D-9C27-269AF6FC826F}.Debug|x64.ActiveCfg = Debug|Any CPU
		{BE7CFEEF-26B9-421D-9C27-269AF6FC826F}.Debug|x86.ActiveCfg = Debug|Any CPU
		{BE7CFEEF-26B9-421D-9C27-269AF6FC826F}.Debug|x86.Build.0 = Debug|Any CPU
		{BE7CFEEF-26B9-421D-9C27-269AF6FC826F}.Design|Any CPU.ActiveCfg = Design|Any CPU
		{BE7CFEEF-26B9-421D-9C27-269AF6FC826F}.Design|Any CPU.Build.0 = Design|Any CPU
		{BE7CFEEF-26B9-421D-9C27-269AF6FC826F}.Design|ARM.ActiveCfg = Design|Any CPU
		{BE7CFEEF-26B9-421D-9C27-269AF6FC826F}.Design|Mixed Platforms.ActiveCfg = Design|Any CPU
		{BE7CFEEF-26B9-421D-9C27-269AF6FC826F}.Design|Mixed Platforms.Build.0 = Design|Any CPU
		{BE7CFEEF-26B9-421D-9C27-269AF6FC826F}.Design|x64.ActiveCfg = Design|Any CPU
		{BE7CFEEF-26B9-421D-9C27-269AF6FC826F}.Design|x86.ActiveCfg = Design|Any CPU
		{BE7CFEEF-26B9-421D-9C27-269AF6FC826F}.Design|x86.Build.0 = Design|Any CPU
		{BE7CFEEF-26B9-421D-9C27-269AF6FC826F}.Release|Any CPU.ActiveCfg = Release|Any CPU
		{BE7CFEEF-26B9-421D-9C27-269AF6FC826F}.Release|Any CPU.Build.0 = Release|Any CPU
		{BE7CFEEF-26B9-421D-9C27-269AF6FC826F}.Release|ARM.ActiveCfg = Release|Any CPU
		{BE7CFEEF-26B9-421D-9C27-269AF6FC826F}.Release|Mixed Platforms.ActiveCfg = Release|Any CPU
		{BE7CFEEF-26B9-421D-9C27-269AF6FC826F}.Release|Mixed Platforms.Build.0 = Release|Any CPU
		{BE7CFEEF-26B9-421D-9C27-269AF6FC826F}.Release|x64.ActiveCfg = Release|Any CPU
		{BE7CFEEF-26B9-421D-9C27-269AF6FC826F}.Release|x86.ActiveCfg = Release|Any CPU
		{BE7CFEEF-26B9-421D-9C27-269AF6FC826F}.Release|x86.Build.0 = Release|Any CPU
		{8B0EE2E7-8F48-4820-9A5F-A7DA7ED72B3E}.Debug|Any CPU.ActiveCfg = Debug|Any CPU
		{8B0EE2E7-8F48-4820-9A5F-A7DA7ED72B3E}.Debug|Any CPU.Build.0 = Debug|Any CPU
		{8B0EE2E7-8F48-4820-9A5F-A7DA7ED72B3E}.Debug|ARM.ActiveCfg = Debug|Any CPU
		{8B0EE2E7-8F48-4820-9A5F-A7DA7ED72B3E}.Debug|ARM.Build.0 = Debug|Any CPU
		{8B0EE2E7-8F48-4820-9A5F-A7DA7ED72B3E}.Debug|Mixed Platforms.ActiveCfg = Debug|Any CPU
		{8B0EE2E7-8F48-4820-9A5F-A7DA7ED72B3E}.Debug|Mixed Platforms.Build.0 = Debug|Any CPU
		{8B0EE2E7-8F48-4820-9A5F-A7DA7ED72B3E}.Debug|x64.ActiveCfg = Debug|Any CPU
		{8B0EE2E7-8F48-4820-9A5F-A7DA7ED72B3E}.Debug|x86.ActiveCfg = Debug|Any CPU
		{8B0EE2E7-8F48-4820-9A5F-A7DA7ED72B3E}.Debug|x86.Build.0 = Debug|Any CPU
		{8B0EE2E7-8F48-4820-9A5F-A7DA7ED72B3E}.Design|Any CPU.ActiveCfg = Design|Any CPU
		{8B0EE2E7-8F48-4820-9A5F-A7DA7ED72B3E}.Design|Any CPU.Build.0 = Design|Any CPU
		{8B0EE2E7-8F48-4820-9A5F-A7DA7ED72B3E}.Design|ARM.ActiveCfg = Design|Any CPU
		{8B0EE2E7-8F48-4820-9A5F-A7DA7ED72B3E}.Design|Mixed Platforms.ActiveCfg = Design|Any CPU
		{8B0EE2E7-8F48-4820-9A5F-A7DA7ED72B3E}.Design|Mixed Platforms.Build.0 = Design|Any CPU
		{8B0EE2E7-8F48-4820-9A5F-A7DA7ED72B3E}.Design|x64.ActiveCfg = Design|Any CPU
		{8B0EE2E7-8F48-4820-9A5F-A7DA7ED72B3E}.Design|x86.ActiveCfg = Design|Any CPU
		{8B0EE2E7-8F48-4820-9A5F-A7DA7ED72B3E}.Design|x86.Build.0 = Design|Any CPU
		{8B0EE2E7-8F48-4820-9A5F-A7DA7ED72B3E}.Release|Any CPU.ActiveCfg = Release|Any CPU
		{8B0EE2E7-8F48-4820-9A5F-A7DA7ED72B3E}.Release|Any CPU.Build.0 = Release|Any CPU
		{8B0EE2E7-8F48-4820-9A5F-A7DA7ED72B3E}.Release|ARM.ActiveCfg = Release|Any CPU
		{8B0EE2E7-8F48-4820-9A5F-A7DA7ED72B3E}.Release|Mixed Platforms.ActiveCfg = Release|Any CPU
		{8B0EE2E7-8F48-4820-9A5F-A7DA7ED72B3E}.Release|Mixed Platforms.Build.0 = Release|Any CPU
		{8B0EE2E7-8F48-4820-9A5F-A7DA7ED72B3E}.Release|x64.ActiveCfg = Release|Any CPU
		{8B0EE2E7-8F48-4820-9A5F-A7DA7ED72B3E}.Release|x86.ActiveCfg = Release|Any CPU
		{8B0EE2E7-8F48-4820-9A5F-A7DA7ED72B3E}.Release|x86.Build.0 = Release|Any CPU
		{F6069EFF-771C-4FFB-9E03-67AEA1458AB1}.Debug|Any CPU.ActiveCfg = Debug|Any CPU
		{F6069EFF-771C-4FFB-9E03-67AEA1458AB1}.Debug|Any CPU.Build.0 = Debug|Any CPU
		{F6069EFF-771C-4FFB-9E03-67AEA1458AB1}.Debug|Any CPU.Deploy.0 = Debug|Any CPU
		{F6069EFF-771C-4FFB-9E03-67AEA1458AB1}.Debug|ARM.ActiveCfg = Debug|ARM
		{F6069EFF-771C-4FFB-9E03-67AEA1458AB1}.Debug|ARM.Build.0 = Debug|ARM
		{F6069EFF-771C-4FFB-9E03-67AEA1458AB1}.Debug|ARM.Deploy.0 = Debug|ARM
		{F6069EFF-771C-4FFB-9E03-67AEA1458AB1}.Debug|Mixed Platforms.ActiveCfg = Debug|x86
		{F6069EFF-771C-4FFB-9E03-67AEA1458AB1}.Debug|Mixed Platforms.Build.0 = Debug|x86
		{F6069EFF-771C-4FFB-9E03-67AEA1458AB1}.Debug|Mixed Platforms.Deploy.0 = Debug|x86
		{F6069EFF-771C-4FFB-9E03-67AEA1458AB1}.Debug|x64.ActiveCfg = Debug|x64
		{F6069EFF-771C-4FFB-9E03-67AEA1458AB1}.Debug|x64.Build.0 = Debug|x64
		{F6069EFF-771C-4FFB-9E03-67AEA1458AB1}.Debug|x64.Deploy.0 = Debug|x64
		{F6069EFF-771C-4FFB-9E03-67AEA1458AB1}.Debug|x86.ActiveCfg = Debug|x86
		{F6069EFF-771C-4FFB-9E03-67AEA1458AB1}.Debug|x86.Build.0 = Debug|x86
		{F6069EFF-771C-4FFB-9E03-67AEA1458AB1}.Debug|x86.Deploy.0 = Debug|x86
		{F6069EFF-771C-4FFB-9E03-67AEA1458AB1}.Design|Any CPU.ActiveCfg = Design|Any CPU
		{F6069EFF-771C-4FFB-9E03-67AEA1458AB1}.Design|Any CPU.Build.0 = Design|Any CPU
		{F6069EFF-771C-4FFB-9E03-67AEA1458AB1}.Design|Any CPU.Deploy.0 = Design|Any CPU
		{F6069EFF-771C-4FFB-9E03-67AEA1458AB1}.Design|ARM.ActiveCfg = Design|ARM
		{F6069EFF-771C-4FFB-9E03-67AEA1458AB1}.Design|ARM.Build.0 = Design|ARM
		{F6069EFF-771C-4FFB-9E03-67AEA1458AB1}.Design|ARM.Deploy.0 = Design|ARM
		{F6069EFF-771C-4FFB-9E03-67AEA1458AB1}.Design|Mixed Platforms.ActiveCfg = Design|x86
		{F6069EFF-771C-4FFB-9E03-67AEA1458AB1}.Design|Mixed Platforms.Build.0 = Design|x86
		{F6069EFF-771C-4FFB-9E03-67AEA1458AB1}.Design|Mixed Platforms.Deploy.0 = Design|x86
		{F6069EFF-771C-4FFB-9E03-67AEA1458AB1}.Design|x64.ActiveCfg = Design|x64
		{F6069EFF-771C-4FFB-9E03-67AEA1458AB1}.Design|x64.Build.0 = Design|x64
		{F6069EFF-771C-4FFB-9E03-67AEA1458AB1}.Design|x64.Deploy.0 = Design|x64
		{F6069EFF-771C-4FFB-9E03-67AEA1458AB1}.Design|x86.ActiveCfg = Design|x86
		{F6069EFF-771C-4FFB-9E03-67AEA1458AB1}.Design|x86.Build.0 = Design|x86
		{F6069EFF-771C-4FFB-9E03-67AEA1458AB1}.Design|x86.Deploy.0 = Design|x86
		{F6069EFF-771C-4FFB-9E03-67AEA1458AB1}.Release|Any CPU.ActiveCfg = Release|Any CPU
		{F6069EFF-771C-4FFB-9E03-67AEA1458AB1}.Release|Any CPU.Build.0 = Release|Any CPU
		{F6069EFF-771C-4FFB-9E03-67AEA1458AB1}.Release|Any CPU.Deploy.0 = Release|Any CPU
		{F6069EFF-771C-4FFB-9E03-67AEA1458AB1}.Release|ARM.ActiveCfg = Release|ARM
		{F6069EFF-771C-4FFB-9E03-67AEA1458AB1}.Release|ARM.Build.0 = Release|ARM
		{F6069EFF-771C-4FFB-9E03-67AEA1458AB1}.Release|ARM.Deploy.0 = Release|ARM
		{F6069EFF-771C-4FFB-9E03-67AEA1458AB1}.Release|Mixed Platforms.ActiveCfg = Release|x86
		{F6069EFF-771C-4FFB-9E03-67AEA1458AB1}.Release|Mixed Platforms.Build.0 = Release|x86
		{F6069EFF-771C-4FFB-9E03-67AEA1458AB1}.Release|Mixed Platforms.Deploy.0 = Release|x86
		{F6069EFF-771C-4FFB-9E03-67AEA1458AB1}.Release|x64.ActiveCfg = Release|x64
		{F6069EFF-771C-4FFB-9E03-67AEA1458AB1}.Release|x64.Build.0 = Release|x64
		{F6069EFF-771C-4FFB-9E03-67AEA1458AB1}.Release|x64.Deploy.0 = Release|x64
		{F6069EFF-771C-4FFB-9E03-67AEA1458AB1}.Release|x86.ActiveCfg = Release|x86
		{F6069EFF-771C-4FFB-9E03-67AEA1458AB1}.Release|x86.Build.0 = Release|x86
		{F6069EFF-771C-4FFB-9E03-67AEA1458AB1}.Release|x86.Deploy.0 = Release|x86
		{C18F36EF-34A7-4BB2-AA32-6E35919A3707}.Debug|Any CPU.ActiveCfg = Debug|Any CPU
		{C18F36EF-34A7-4BB2-AA32-6E35919A3707}.Debug|Any CPU.Build.0 = Debug|Any CPU
		{C18F36EF-34A7-4BB2-AA32-6E35919A3707}.Debug|Any CPU.Deploy.0 = Debug|Any CPU
		{C18F36EF-34A7-4BB2-AA32-6E35919A3707}.Debug|ARM.ActiveCfg = Debug|ARM
		{C18F36EF-34A7-4BB2-AA32-6E35919A3707}.Debug|ARM.Build.0 = Debug|ARM
		{C18F36EF-34A7-4BB2-AA32-6E35919A3707}.Debug|ARM.Deploy.0 = Debug|ARM
		{C18F36EF-34A7-4BB2-AA32-6E35919A3707}.Debug|Mixed Platforms.ActiveCfg = Debug|x86
		{C18F36EF-34A7-4BB2-AA32-6E35919A3707}.Debug|Mixed Platforms.Build.0 = Debug|x86
		{C18F36EF-34A7-4BB2-AA32-6E35919A3707}.Debug|Mixed Platforms.Deploy.0 = Debug|x86
		{C18F36EF-34A7-4BB2-AA32-6E35919A3707}.Debug|x64.ActiveCfg = Debug|x64
		{C18F36EF-34A7-4BB2-AA32-6E35919A3707}.Debug|x64.Build.0 = Debug|x64
		{C18F36EF-34A7-4BB2-AA32-6E35919A3707}.Debug|x64.Deploy.0 = Debug|x64
		{C18F36EF-34A7-4BB2-AA32-6E35919A3707}.Debug|x86.ActiveCfg = Debug|x86
		{C18F36EF-34A7-4BB2-AA32-6E35919A3707}.Debug|x86.Build.0 = Debug|x86
		{C18F36EF-34A7-4BB2-AA32-6E35919A3707}.Debug|x86.Deploy.0 = Debug|x86
		{C18F36EF-34A7-4BB2-AA32-6E35919A3707}.Design|Any CPU.ActiveCfg = Debug|Any CPU
		{C18F36EF-34A7-4BB2-AA32-6E35919A3707}.Design|ARM.ActiveCfg = Debug|ARM
		{C18F36EF-34A7-4BB2-AA32-6E35919A3707}.Design|Mixed Platforms.ActiveCfg = Debug|x86
		{C18F36EF-34A7-4BB2-AA32-6E35919A3707}.Design|x64.ActiveCfg = Debug|x64
		{C18F36EF-34A7-4BB2-AA32-6E35919A3707}.Design|x86.ActiveCfg = Debug|x86
		{C18F36EF-34A7-4BB2-AA32-6E35919A3707}.Release|Any CPU.ActiveCfg = Release|Any CPU
		{C18F36EF-34A7-4BB2-AA32-6E35919A3707}.Release|Any CPU.Build.0 = Release|Any CPU
		{C18F36EF-34A7-4BB2-AA32-6E35919A3707}.Release|Any CPU.Deploy.0 = Release|Any CPU
		{C18F36EF-34A7-4BB2-AA32-6E35919A3707}.Release|ARM.ActiveCfg = Release|ARM
		{C18F36EF-34A7-4BB2-AA32-6E35919A3707}.Release|ARM.Build.0 = Release|ARM
		{C18F36EF-34A7-4BB2-AA32-6E35919A3707}.Release|ARM.Deploy.0 = Release|ARM
		{C18F36EF-34A7-4BB2-AA32-6E35919A3707}.Release|Mixed Platforms.ActiveCfg = Release|x86
		{C18F36EF-34A7-4BB2-AA32-6E35919A3707}.Release|Mixed Platforms.Build.0 = Release|x86
		{C18F36EF-34A7-4BB2-AA32-6E35919A3707}.Release|Mixed Platforms.Deploy.0 = Release|x86
		{C18F36EF-34A7-4BB2-AA32-6E35919A3707}.Release|x64.ActiveCfg = Release|x64
		{C18F36EF-34A7-4BB2-AA32-6E35919A3707}.Release|x64.Build.0 = Release|x64
		{C18F36EF-34A7-4BB2-AA32-6E35919A3707}.Release|x64.Deploy.0 = Release|x64
		{C18F36EF-34A7-4BB2-AA32-6E35919A3707}.Release|x86.ActiveCfg = Release|x86
		{C18F36EF-34A7-4BB2-AA32-6E35919A3707}.Release|x86.Build.0 = Release|x86
		{C18F36EF-34A7-4BB2-AA32-6E35919A3707}.Release|x86.Deploy.0 = Release|x86
		{091DA6CF-7264-4C08-8F07-5F380EF0263E}.Debug|Any CPU.ActiveCfg = Debug|Any CPU
		{091DA6CF-7264-4C08-8F07-5F380EF0263E}.Debug|Any CPU.Build.0 = Debug|Any CPU
		{091DA6CF-7264-4C08-8F07-5F380EF0263E}.Debug|ARM.ActiveCfg = Debug|Any CPU
		{091DA6CF-7264-4C08-8F07-5F380EF0263E}.Debug|Mixed Platforms.ActiveCfg = Debug|Any CPU
		{091DA6CF-7264-4C08-8F07-5F380EF0263E}.Debug|Mixed Platforms.Build.0 = Debug|Any CPU
		{091DA6CF-7264-4C08-8F07-5F380EF0263E}.Debug|x64.ActiveCfg = Debug|Any CPU
		{091DA6CF-7264-4C08-8F07-5F380EF0263E}.Debug|x86.ActiveCfg = Debug|Any CPU
		{091DA6CF-7264-4C08-8F07-5F380EF0263E}.Design|Any CPU.ActiveCfg = Debug|Any CPU
		{091DA6CF-7264-4C08-8F07-5F380EF0263E}.Design|ARM.ActiveCfg = Debug|Any CPU
		{091DA6CF-7264-4C08-8F07-5F380EF0263E}.Design|Mixed Platforms.ActiveCfg = Debug|Any CPU
		{091DA6CF-7264-4C08-8F07-5F380EF0263E}.Design|x64.ActiveCfg = Debug|Any CPU
		{091DA6CF-7264-4C08-8F07-5F380EF0263E}.Design|x86.ActiveCfg = Debug|Any CPU
		{091DA6CF-7264-4C08-8F07-5F380EF0263E}.Release|Any CPU.ActiveCfg = Release|Any CPU
		{091DA6CF-7264-4C08-8F07-5F380EF0263E}.Release|Any CPU.Build.0 = Release|Any CPU
		{091DA6CF-7264-4C08-8F07-5F380EF0263E}.Release|ARM.ActiveCfg = Release|Any CPU
		{091DA6CF-7264-4C08-8F07-5F380EF0263E}.Release|Mixed Platforms.ActiveCfg = Release|Any CPU
		{091DA6CF-7264-4C08-8F07-5F380EF0263E}.Release|Mixed Platforms.Build.0 = Release|Any CPU
		{091DA6CF-7264-4C08-8F07-5F380EF0263E}.Release|x64.ActiveCfg = Release|Any CPU
		{091DA6CF-7264-4C08-8F07-5F380EF0263E}.Release|x86.ActiveCfg = Release|Any CPU
		{2000D388-AE31-46F9-B811-70581E96C03C}.Debug|Any CPU.ActiveCfg = Debug|Any CPU
		{2000D388-AE31-46F9-B811-70581E96C03C}.Debug|Any CPU.Build.0 = Debug|Any CPU
		{2000D388-AE31-46F9-B811-70581E96C03C}.Debug|ARM.ActiveCfg = Debug|Any CPU
		{2000D388-AE31-46F9-B811-70581E96C03C}.Debug|ARM.Build.0 = Debug|Any CPU
		{2000D388-AE31-46F9-B811-70581E96C03C}.Debug|Mixed Platforms.ActiveCfg = Debug|Any CPU
		{2000D388-AE31-46F9-B811-70581E96C03C}.Debug|Mixed Platforms.Build.0 = Debug|Any CPU
		{2000D388-AE31-46F9-B811-70581E96C03C}.Debug|x64.ActiveCfg = Debug|Any CPU
		{2000D388-AE31-46F9-B811-70581E96C03C}.Debug|x86.ActiveCfg = Debug|Any CPU
		{2000D388-AE31-46F9-B811-70581E96C03C}.Debug|x86.Build.0 = Debug|Any CPU
		{2000D388-AE31-46F9-B811-70581E96C03C}.Design|Any CPU.ActiveCfg = Design|Any CPU
		{2000D388-AE31-46F9-B811-70581E96C03C}.Design|Any CPU.Build.0 = Design|Any CPU
		{2000D388-AE31-46F9-B811-70581E96C03C}.Design|ARM.ActiveCfg = Design|Any CPU
		{2000D388-AE31-46F9-B811-70581E96C03C}.Design|Mixed Platforms.ActiveCfg = Design|Any CPU
		{2000D388-AE31-46F9-B811-70581E96C03C}.Design|Mixed Platforms.Build.0 = Design|Any CPU
		{2000D388-AE31-46F9-B811-70581E96C03C}.Design|x64.ActiveCfg = Design|Any CPU
		{2000D388-AE31-46F9-B811-70581E96C03C}.Design|x86.ActiveCfg = Design|Any CPU
		{2000D388-AE31-46F9-B811-70581E96C03C}.Design|x86.Build.0 = Design|Any CPU
		{2000D388-AE31-46F9-B811-70581E96C03C}.Release|Any CPU.ActiveCfg = Release|Any CPU
		{2000D388-AE31-46F9-B811-70581E96C03C}.Release|Any CPU.Build.0 = Release|Any CPU
		{2000D388-AE31-46F9-B811-70581E96C03C}.Release|ARM.ActiveCfg = Release|Any CPU
		{2000D388-AE31-46F9-B811-70581E96C03C}.Release|Mixed Platforms.ActiveCfg = Release|Any CPU
		{2000D388-AE31-46F9-B811-70581E96C03C}.Release|Mixed Platforms.Build.0 = Release|Any CPU
		{2000D388-AE31-46F9-B811-70581E96C03C}.Release|x64.ActiveCfg = Release|Any CPU
		{2000D388-AE31-46F9-B811-70581E96C03C}.Release|x86.ActiveCfg = Release|Any CPU
		{2000D388-AE31-46F9-B811-70581E96C03C}.Release|x86.Build.0 = Release|Any CPU
		{5F05558D-EFCA-44D5-BE4A-C9E9BE21FBD8}.Debug|Any CPU.ActiveCfg = Debug|Any CPU
		{5F05558D-EFCA-44D5-BE4A-C9E9BE21FBD8}.Debug|Any CPU.Build.0 = Debug|Any CPU
		{5F05558D-EFCA-44D5-BE4A-C9E9BE21FBD8}.Debug|ARM.ActiveCfg = Debug|Any CPU
		{5F05558D-EFCA-44D5-BE4A-C9E9BE21FBD8}.Debug|ARM.Build.0 = Debug|Any CPU
		{5F05558D-EFCA-44D5-BE4A-C9E9BE21FBD8}.Debug|Mixed Platforms.ActiveCfg = Debug|Any CPU
		{5F05558D-EFCA-44D5-BE4A-C9E9BE21FBD8}.Debug|Mixed Platforms.Build.0 = Debug|Any CPU
		{5F05558D-EFCA-44D5-BE4A-C9E9BE21FBD8}.Debug|x64.ActiveCfg = Debug|Any CPU
		{5F05558D-EFCA-44D5-BE4A-C9E9BE21FBD8}.Debug|x86.ActiveCfg = Debug|Any CPU
		{5F05558D-EFCA-44D5-BE4A-C9E9BE21FBD8}.Debug|x86.Build.0 = Debug|Any CPU
		{5F05558D-EFCA-44D5-BE4A-C9E9BE21FBD8}.Design|Any CPU.ActiveCfg = Design|Any CPU
		{5F05558D-EFCA-44D5-BE4A-C9E9BE21FBD8}.Design|Any CPU.Build.0 = Design|Any CPU
		{5F05558D-EFCA-44D5-BE4A-C9E9BE21FBD8}.Design|ARM.ActiveCfg = Design|Any CPU
		{5F05558D-EFCA-44D5-BE4A-C9E9BE21FBD8}.Design|Mixed Platforms.ActiveCfg = Design|Any CPU
		{5F05558D-EFCA-44D5-BE4A-C9E9BE21FBD8}.Design|Mixed Platforms.Build.0 = Design|Any CPU
		{5F05558D-EFCA-44D5-BE4A-C9E9BE21FBD8}.Design|x64.ActiveCfg = Design|Any CPU
		{5F05558D-EFCA-44D5-BE4A-C9E9BE21FBD8}.Design|x86.ActiveCfg = Design|Any CPU
		{5F05558D-EFCA-44D5-BE4A-C9E9BE21FBD8}.Design|x86.Build.0 = Design|Any CPU
		{5F05558D-EFCA-44D5-BE4A-C9E9BE21FBD8}.Release|Any CPU.ActiveCfg = Release|Any CPU
		{5F05558D-EFCA-44D5-BE4A-C9E9BE21FBD8}.Release|Any CPU.Build.0 = Release|Any CPU
		{5F05558D-EFCA-44D5-BE4A-C9E9BE21FBD8}.Release|ARM.ActiveCfg = Release|Any CPU
		{5F05558D-EFCA-44D5-BE4A-C9E9BE21FBD8}.Release|Mixed Platforms.ActiveCfg = Release|Any CPU
		{5F05558D-EFCA-44D5-BE4A-C9E9BE21FBD8}.Release|Mixed Platforms.Build.0 = Release|Any CPU
		{5F05558D-EFCA-44D5-BE4A-C9E9BE21FBD8}.Release|x64.ActiveCfg = Release|Any CPU
		{5F05558D-EFCA-44D5-BE4A-C9E9BE21FBD8}.Release|x86.ActiveCfg = Release|Any CPU
		{5F05558D-EFCA-44D5-BE4A-C9E9BE21FBD8}.Release|x86.Build.0 = Release|Any CPU
		{D53F2C6C-B499-4ACD-A116-1CFCA6D78EFB}.Debug|Any CPU.ActiveCfg = Debug|Any CPU
		{D53F2C6C-B499-4ACD-A116-1CFCA6D78EFB}.Debug|Any CPU.Build.0 = Debug|Any CPU
		{D53F2C6C-B499-4ACD-A116-1CFCA6D78EFB}.Debug|ARM.ActiveCfg = Debug|Any CPU
		{D53F2C6C-B499-4ACD-A116-1CFCA6D78EFB}.Debug|ARM.Build.0 = Debug|Any CPU
		{D53F2C6C-B499-4ACD-A116-1CFCA6D78EFB}.Debug|Mixed Platforms.ActiveCfg = Debug|Any CPU
		{D53F2C6C-B499-4ACD-A116-1CFCA6D78EFB}.Debug|Mixed Platforms.Build.0 = Debug|Any CPU
		{D53F2C6C-B499-4ACD-A116-1CFCA6D78EFB}.Debug|x64.ActiveCfg = Debug|Any CPU
		{D53F2C6C-B499-4ACD-A116-1CFCA6D78EFB}.Debug|x86.ActiveCfg = Debug|Any CPU
		{D53F2C6C-B499-4ACD-A116-1CFCA6D78EFB}.Debug|x86.Build.0 = Debug|Any CPU
		{D53F2C6C-B499-4ACD-A116-1CFCA6D78EFB}.Design|Any CPU.ActiveCfg = Design|Any CPU
		{D53F2C6C-B499-4ACD-A116-1CFCA6D78EFB}.Design|Any CPU.Build.0 = Design|Any CPU
		{D53F2C6C-B499-4ACD-A116-1CFCA6D78EFB}.Design|ARM.ActiveCfg = Design|Any CPU
		{D53F2C6C-B499-4ACD-A116-1CFCA6D78EFB}.Design|Mixed Platforms.ActiveCfg = Design|Any CPU
		{D53F2C6C-B499-4ACD-A116-1CFCA6D78EFB}.Design|Mixed Platforms.Build.0 = Design|Any CPU
		{D53F2C6C-B499-4ACD-A116-1CFCA6D78EFB}.Design|x64.ActiveCfg = Design|Any CPU
		{D53F2C6C-B499-4ACD-A116-1CFCA6D78EFB}.Design|x86.ActiveCfg = Design|Any CPU
		{D53F2C6C-B499-4ACD-A116-1CFCA6D78EFB}.Design|x86.Build.0 = Design|Any CPU
		{D53F2C6C-B499-4ACD-A116-1CFCA6D78EFB}.Release|Any CPU.ActiveCfg = Release|Any CPU
		{D53F2C6C-B499-4ACD-A116-1CFCA6D78EFB}.Release|Any CPU.Build.0 = Release|Any CPU
		{D53F2C6C-B499-4ACD-A116-1CFCA6D78EFB}.Release|ARM.ActiveCfg = Release|Any CPU
		{D53F2C6C-B499-4ACD-A116-1CFCA6D78EFB}.Release|Mixed Platforms.ActiveCfg = Release|Any CPU
		{D53F2C6C-B499-4ACD-A116-1CFCA6D78EFB}.Release|Mixed Platforms.Build.0 = Release|Any CPU
		{D53F2C6C-B499-4ACD-A116-1CFCA6D78EFB}.Release|x64.ActiveCfg = Release|Any CPU
		{D53F2C6C-B499-4ACD-A116-1CFCA6D78EFB}.Release|x86.ActiveCfg = Release|Any CPU
		{D53F2C6C-B499-4ACD-A116-1CFCA6D78EFB}.Release|x86.Build.0 = Release|Any CPU
		{F4A9E580-EE40-4DAB-A097-20308E80C713}.Debug|Any CPU.ActiveCfg = Debug|Any CPU
		{F4A9E580-EE40-4DAB-A097-20308E80C713}.Debug|Any CPU.Build.0 = Debug|Any CPU
		{F4A9E580-EE40-4DAB-A097-20308E80C713}.Debug|ARM.ActiveCfg = Debug|Any CPU
		{F4A9E580-EE40-4DAB-A097-20308E80C713}.Debug|ARM.Build.0 = Debug|Any CPU
		{F4A9E580-EE40-4DAB-A097-20308E80C713}.Debug|Mixed Platforms.ActiveCfg = Debug|Any CPU
		{F4A9E580-EE40-4DAB-A097-20308E80C713}.Debug|Mixed Platforms.Build.0 = Debug|Any CPU
		{F4A9E580-EE40-4DAB-A097-20308E80C713}.Debug|x64.ActiveCfg = Debug|Any CPU
		{F4A9E580-EE40-4DAB-A097-20308E80C713}.Debug|x86.ActiveCfg = Debug|Any CPU
		{F4A9E580-EE40-4DAB-A097-20308E80C713}.Debug|x86.Build.0 = Debug|Any CPU
		{F4A9E580-EE40-4DAB-A097-20308E80C713}.Design|Any CPU.ActiveCfg = Design|Any CPU
		{F4A9E580-EE40-4DAB-A097-20308E80C713}.Design|Any CPU.Build.0 = Design|Any CPU
		{F4A9E580-EE40-4DAB-A097-20308E80C713}.Design|ARM.ActiveCfg = Design|Any CPU
		{F4A9E580-EE40-4DAB-A097-20308E80C713}.Design|Mixed Platforms.ActiveCfg = Design|Any CPU
		{F4A9E580-EE40-4DAB-A097-20308E80C713}.Design|Mixed Platforms.Build.0 = Design|Any CPU
		{F4A9E580-EE40-4DAB-A097-20308E80C713}.Design|x64.ActiveCfg = Design|Any CPU
		{F4A9E580-EE40-4DAB-A097-20308E80C713}.Design|x86.ActiveCfg = Design|Any CPU
		{F4A9E580-EE40-4DAB-A097-20308E80C713}.Design|x86.Build.0 = Design|Any CPU
		{F4A9E580-EE40-4DAB-A097-20308E80C713}.Release|Any CPU.ActiveCfg = Release|Any CPU
		{F4A9E580-EE40-4DAB-A097-20308E80C713}.Release|Any CPU.Build.0 = Release|Any CPU
		{F4A9E580-EE40-4DAB-A097-20308E80C713}.Release|ARM.ActiveCfg = Release|Any CPU
		{F4A9E580-EE40-4DAB-A097-20308E80C713}.Release|Mixed Platforms.ActiveCfg = Release|Any CPU
		{F4A9E580-EE40-4DAB-A097-20308E80C713}.Release|Mixed Platforms.Build.0 = Release|Any CPU
		{F4A9E580-EE40-4DAB-A097-20308E80C713}.Release|x64.ActiveCfg = Release|Any CPU
		{F4A9E580-EE40-4DAB-A097-20308E80C713}.Release|x86.ActiveCfg = Release|Any CPU
		{F4A9E580-EE40-4DAB-A097-20308E80C713}.Release|x86.Build.0 = Release|Any CPU
		{71E2B7DA-CD2E-4820-8421-3CB4BF3A2F44}.Debug|Any CPU.ActiveCfg = Debug|Any CPU
		{71E2B7DA-CD2E-4820-8421-3CB4BF3A2F44}.Debug|Any CPU.Build.0 = Debug|Any CPU
		{71E2B7DA-CD2E-4820-8421-3CB4BF3A2F44}.Debug|ARM.ActiveCfg = Debug|Any CPU
		{71E2B7DA-CD2E-4820-8421-3CB4BF3A2F44}.Debug|ARM.Build.0 = Debug|Any CPU
		{71E2B7DA-CD2E-4820-8421-3CB4BF3A2F44}.Debug|Mixed Platforms.ActiveCfg = Debug|Any CPU
		{71E2B7DA-CD2E-4820-8421-3CB4BF3A2F44}.Debug|Mixed Platforms.Build.0 = Debug|Any CPU
		{71E2B7DA-CD2E-4820-8421-3CB4BF3A2F44}.Debug|x64.ActiveCfg = Debug|Any CPU
		{71E2B7DA-CD2E-4820-8421-3CB4BF3A2F44}.Debug|x86.ActiveCfg = Debug|Any CPU
		{71E2B7DA-CD2E-4820-8421-3CB4BF3A2F44}.Debug|x86.Build.0 = Debug|Any CPU
		{71E2B7DA-CD2E-4820-8421-3CB4BF3A2F44}.Design|Any CPU.ActiveCfg = Design|Any CPU
		{71E2B7DA-CD2E-4820-8421-3CB4BF3A2F44}.Design|Any CPU.Build.0 = Design|Any CPU
		{71E2B7DA-CD2E-4820-8421-3CB4BF3A2F44}.Design|ARM.ActiveCfg = Design|Any CPU
		{71E2B7DA-CD2E-4820-8421-3CB4BF3A2F44}.Design|Mixed Platforms.ActiveCfg = Design|Any CPU
		{71E2B7DA-CD2E-4820-8421-3CB4BF3A2F44}.Design|Mixed Platforms.Build.0 = Design|Any CPU
		{71E2B7DA-CD2E-4820-8421-3CB4BF3A2F44}.Design|x64.ActiveCfg = Design|Any CPU
		{71E2B7DA-CD2E-4820-8421-3CB4BF3A2F44}.Design|x86.ActiveCfg = Design|Any CPU
		{71E2B7DA-CD2E-4820-8421-3CB4BF3A2F44}.Design|x86.Build.0 = Design|Any CPU
		{71E2B7DA-CD2E-4820-8421-3CB4BF3A2F44}.Release|Any CPU.ActiveCfg = Release|Any CPU
		{71E2B7DA-CD2E-4820-8421-3CB4BF3A2F44}.Release|Any CPU.Build.0 = Release|Any CPU
		{71E2B7DA-CD2E-4820-8421-3CB4BF3A2F44}.Release|ARM.ActiveCfg = Release|Any CPU
		{71E2B7DA-CD2E-4820-8421-3CB4BF3A2F44}.Release|Mixed Platforms.ActiveCfg = Release|Any CPU
		{71E2B7DA-CD2E-4820-8421-3CB4BF3A2F44}.Release|Mixed Platforms.Build.0 = Release|Any CPU
		{71E2B7DA-CD2E-4820-8421-3CB4BF3A2F44}.Release|x64.ActiveCfg = Release|Any CPU
		{71E2B7DA-CD2E-4820-8421-3CB4BF3A2F44}.Release|x86.ActiveCfg = Release|Any CPU
		{71E2B7DA-CD2E-4820-8421-3CB4BF3A2F44}.Release|x86.Build.0 = Release|Any CPU
		{B4164F57-CF7F-4423-995E-46F12AB7444F}.Debug|Any CPU.ActiveCfg = Debug|Any CPU
		{B4164F57-CF7F-4423-995E-46F12AB7444F}.Debug|Any CPU.Build.0 = Debug|Any CPU
		{B4164F57-CF7F-4423-995E-46F12AB7444F}.Debug|ARM.ActiveCfg = Debug|Any CPU
		{B4164F57-CF7F-4423-995E-46F12AB7444F}.Debug|ARM.Build.0 = Debug|Any CPU
		{B4164F57-CF7F-4423-995E-46F12AB7444F}.Debug|Mixed Platforms.ActiveCfg = Debug|Any CPU
		{B4164F57-CF7F-4423-995E-46F12AB7444F}.Debug|Mixed Platforms.Build.0 = Debug|Any CPU
		{B4164F57-CF7F-4423-995E-46F12AB7444F}.Debug|x64.ActiveCfg = Debug|Any CPU
		{B4164F57-CF7F-4423-995E-46F12AB7444F}.Debug|x86.ActiveCfg = Debug|Any CPU
		{B4164F57-CF7F-4423-995E-46F12AB7444F}.Debug|x86.Build.0 = Debug|Any CPU
		{B4164F57-CF7F-4423-995E-46F12AB7444F}.Design|Any CPU.ActiveCfg = Design|Any CPU
		{B4164F57-CF7F-4423-995E-46F12AB7444F}.Design|Any CPU.Build.0 = Design|Any CPU
		{B4164F57-CF7F-4423-995E-46F12AB7444F}.Design|ARM.ActiveCfg = Design|Any CPU
		{B4164F57-CF7F-4423-995E-46F12AB7444F}.Design|Mixed Platforms.ActiveCfg = Design|Any CPU
		{B4164F57-CF7F-4423-995E-46F12AB7444F}.Design|Mixed Platforms.Build.0 = Design|Any CPU
		{B4164F57-CF7F-4423-995E-46F12AB7444F}.Design|x64.ActiveCfg = Design|Any CPU
		{B4164F57-CF7F-4423-995E-46F12AB7444F}.Design|x86.ActiveCfg = Design|Any CPU
		{B4164F57-CF7F-4423-995E-46F12AB7444F}.Design|x86.Build.0 = Design|Any CPU
		{B4164F57-CF7F-4423-995E-46F12AB7444F}.Release|Any CPU.ActiveCfg = Release|Any CPU
		{B4164F57-CF7F-4423-995E-46F12AB7444F}.Release|Any CPU.Build.0 = Release|Any CPU
		{B4164F57-CF7F-4423-995E-46F12AB7444F}.Release|ARM.ActiveCfg = Release|Any CPU
		{B4164F57-CF7F-4423-995E-46F12AB7444F}.Release|Mixed Platforms.ActiveCfg = Release|Any CPU
		{B4164F57-CF7F-4423-995E-46F12AB7444F}.Release|Mixed Platforms.Build.0 = Release|Any CPU
		{B4164F57-CF7F-4423-995E-46F12AB7444F}.Release|x64.ActiveCfg = Release|Any CPU
		{B4164F57-CF7F-4423-995E-46F12AB7444F}.Release|x86.ActiveCfg = Release|Any CPU
		{B4164F57-CF7F-4423-995E-46F12AB7444F}.Release|x86.Build.0 = Release|Any CPU
		{6FFE85EC-CAB7-40DA-84AD-4B974F59CA94}.Debug|Any CPU.ActiveCfg = Debug|Any CPU
		{6FFE85EC-CAB7-40DA-84AD-4B974F59CA94}.Debug|Any CPU.Build.0 = Debug|Any CPU
		{6FFE85EC-CAB7-40DA-84AD-4B974F59CA94}.Debug|ARM.ActiveCfg = Debug|Any CPU
		{6FFE85EC-CAB7-40DA-84AD-4B974F59CA94}.Debug|ARM.Build.0 = Debug|Any CPU
		{6FFE85EC-CAB7-40DA-84AD-4B974F59CA94}.Debug|Mixed Platforms.ActiveCfg = Debug|Any CPU
		{6FFE85EC-CAB7-40DA-84AD-4B974F59CA94}.Debug|Mixed Platforms.Build.0 = Debug|Any CPU
		{6FFE85EC-CAB7-40DA-84AD-4B974F59CA94}.Debug|x64.ActiveCfg = Debug|Any CPU
		{6FFE85EC-CAB7-40DA-84AD-4B974F59CA94}.Debug|x86.ActiveCfg = Debug|Any CPU
		{6FFE85EC-CAB7-40DA-84AD-4B974F59CA94}.Debug|x86.Build.0 = Debug|Any CPU
		{6FFE85EC-CAB7-40DA-84AD-4B974F59CA94}.Design|Any CPU.ActiveCfg = Design|Any CPU
		{6FFE85EC-CAB7-40DA-84AD-4B974F59CA94}.Design|Any CPU.Build.0 = Design|Any CPU
		{6FFE85EC-CAB7-40DA-84AD-4B974F59CA94}.Design|ARM.ActiveCfg = Design|Any CPU
		{6FFE85EC-CAB7-40DA-84AD-4B974F59CA94}.Design|Mixed Platforms.ActiveCfg = Design|Any CPU
		{6FFE85EC-CAB7-40DA-84AD-4B974F59CA94}.Design|Mixed Platforms.Build.0 = Design|Any CPU
		{6FFE85EC-CAB7-40DA-84AD-4B974F59CA94}.Design|x64.ActiveCfg = Design|Any CPU
		{6FFE85EC-CAB7-40DA-84AD-4B974F59CA94}.Design|x86.ActiveCfg = Design|Any CPU
		{6FFE85EC-CAB7-40DA-84AD-4B974F59CA94}.Design|x86.Build.0 = Design|Any CPU
		{6FFE85EC-CAB7-40DA-84AD-4B974F59CA94}.Release|Any CPU.ActiveCfg = Release|Any CPU
		{6FFE85EC-CAB7-40DA-84AD-4B974F59CA94}.Release|Any CPU.Build.0 = Release|Any CPU
		{6FFE85EC-CAB7-40DA-84AD-4B974F59CA94}.Release|ARM.ActiveCfg = Release|Any CPU
		{6FFE85EC-CAB7-40DA-84AD-4B974F59CA94}.Release|Mixed Platforms.ActiveCfg = Release|Any CPU
		{6FFE85EC-CAB7-40DA-84AD-4B974F59CA94}.Release|Mixed Platforms.Build.0 = Release|Any CPU
		{6FFE85EC-CAB7-40DA-84AD-4B974F59CA94}.Release|x64.ActiveCfg = Release|Any CPU
		{6FFE85EC-CAB7-40DA-84AD-4B974F59CA94}.Release|x86.ActiveCfg = Release|Any CPU
		{6FFE85EC-CAB7-40DA-84AD-4B974F59CA94}.Release|x86.Build.0 = Release|Any CPU
		{C420FEF4-1080-4BAC-AFDD-0B23BF547BBF}.Debug|Any CPU.ActiveCfg = Debug|x86
		{C420FEF4-1080-4BAC-AFDD-0B23BF547BBF}.Debug|ARM.ActiveCfg = Debug|ARM
		{C420FEF4-1080-4BAC-AFDD-0B23BF547BBF}.Debug|ARM.Build.0 = Debug|ARM
		{C420FEF4-1080-4BAC-AFDD-0B23BF547BBF}.Debug|ARM.Deploy.0 = Debug|ARM
		{C420FEF4-1080-4BAC-AFDD-0B23BF547BBF}.Debug|Mixed Platforms.ActiveCfg = Debug|x86
		{C420FEF4-1080-4BAC-AFDD-0B23BF547BBF}.Debug|Mixed Platforms.Build.0 = Debug|x86
		{C420FEF4-1080-4BAC-AFDD-0B23BF547BBF}.Debug|Mixed Platforms.Deploy.0 = Debug|x86
		{C420FEF4-1080-4BAC-AFDD-0B23BF547BBF}.Debug|x64.ActiveCfg = Debug|x86
		{C420FEF4-1080-4BAC-AFDD-0B23BF547BBF}.Debug|x86.ActiveCfg = Debug|x86
		{C420FEF4-1080-4BAC-AFDD-0B23BF547BBF}.Debug|x86.Build.0 = Debug|x86
		{C420FEF4-1080-4BAC-AFDD-0B23BF547BBF}.Debug|x86.Deploy.0 = Debug|x86
		{C420FEF4-1080-4BAC-AFDD-0B23BF547BBF}.Design|Any CPU.ActiveCfg = Design|x86
		{C420FEF4-1080-4BAC-AFDD-0B23BF547BBF}.Design|ARM.ActiveCfg = Design|ARM
		{C420FEF4-1080-4BAC-AFDD-0B23BF547BBF}.Design|ARM.Build.0 = Design|ARM
		{C420FEF4-1080-4BAC-AFDD-0B23BF547BBF}.Design|ARM.Deploy.0 = Design|ARM
		{C420FEF4-1080-4BAC-AFDD-0B23BF547BBF}.Design|Mixed Platforms.ActiveCfg = Design|x86
		{C420FEF4-1080-4BAC-AFDD-0B23BF547BBF}.Design|Mixed Platforms.Build.0 = Design|x86
		{C420FEF4-1080-4BAC-AFDD-0B23BF547BBF}.Design|Mixed Platforms.Deploy.0 = Design|x86
		{C420FEF4-1080-4BAC-AFDD-0B23BF547BBF}.Design|x64.ActiveCfg = Design|x86
		{C420FEF4-1080-4BAC-AFDD-0B23BF547BBF}.Design|x86.ActiveCfg = Design|x86
		{C420FEF4-1080-4BAC-AFDD-0B23BF547BBF}.Design|x86.Build.0 = Design|x86
		{C420FEF4-1080-4BAC-AFDD-0B23BF547BBF}.Design|x86.Deploy.0 = Design|x86
		{C420FEF4-1080-4BAC-AFDD-0B23BF547BBF}.Release|Any CPU.ActiveCfg = Release|x86
		{C420FEF4-1080-4BAC-AFDD-0B23BF547BBF}.Release|ARM.ActiveCfg = Release|ARM
		{C420FEF4-1080-4BAC-AFDD-0B23BF547BBF}.Release|ARM.Build.0 = Release|ARM
		{C420FEF4-1080-4BAC-AFDD-0B23BF547BBF}.Release|ARM.Deploy.0 = Release|ARM
		{C420FEF4-1080-4BAC-AFDD-0B23BF547BBF}.Release|Mixed Platforms.ActiveCfg = Release|x86
		{C420FEF4-1080-4BAC-AFDD-0B23BF547BBF}.Release|Mixed Platforms.Build.0 = Release|x86
		{C420FEF4-1080-4BAC-AFDD-0B23BF547BBF}.Release|Mixed Platforms.Deploy.0 = Release|x86
		{C420FEF4-1080-4BAC-AFDD-0B23BF547BBF}.Release|x64.ActiveCfg = Release|x86
		{C420FEF4-1080-4BAC-AFDD-0B23BF547BBF}.Release|x86.ActiveCfg = Release|x86
		{C420FEF4-1080-4BAC-AFDD-0B23BF547BBF}.Release|x86.Build.0 = Release|x86
		{C420FEF4-1080-4BAC-AFDD-0B23BF547BBF}.Release|x86.Deploy.0 = Release|x86
		{92BAF5EC-0D41-41F4-BD73-F3A3B8D727E4}.Debug|Any CPU.ActiveCfg = Debug|Any CPU
		{92BAF5EC-0D41-41F4-BD73-F3A3B8D727E4}.Debug|Any CPU.Build.0 = Debug|Any CPU
		{92BAF5EC-0D41-41F4-BD73-F3A3B8D727E4}.Debug|ARM.ActiveCfg = Debug|Any CPU
		{92BAF5EC-0D41-41F4-BD73-F3A3B8D727E4}.Debug|Mixed Platforms.ActiveCfg = Debug|Any CPU
		{92BAF5EC-0D41-41F4-BD73-F3A3B8D727E4}.Debug|Mixed Platforms.Build.0 = Debug|Any CPU
		{92BAF5EC-0D41-41F4-BD73-F3A3B8D727E4}.Debug|x64.ActiveCfg = Debug|Any CPU
		{92BAF5EC-0D41-41F4-BD73-F3A3B8D727E4}.Debug|x86.ActiveCfg = Debug|Any CPU
		{92BAF5EC-0D41-41F4-BD73-F3A3B8D727E4}.Debug|x86.Build.0 = Debug|Any CPU
		{92BAF5EC-0D41-41F4-BD73-F3A3B8D727E4}.Design|Any CPU.ActiveCfg = Design|Any CPU
		{92BAF5EC-0D41-41F4-BD73-F3A3B8D727E4}.Design|Any CPU.Build.0 = Design|Any CPU
		{92BAF5EC-0D41-41F4-BD73-F3A3B8D727E4}.Design|ARM.ActiveCfg = Design|Any CPU
		{92BAF5EC-0D41-41F4-BD73-F3A3B8D727E4}.Design|Mixed Platforms.ActiveCfg = Design|Any CPU
		{92BAF5EC-0D41-41F4-BD73-F3A3B8D727E4}.Design|Mixed Platforms.Build.0 = Design|Any CPU
		{92BAF5EC-0D41-41F4-BD73-F3A3B8D727E4}.Design|x64.ActiveCfg = Design|Any CPU
		{92BAF5EC-0D41-41F4-BD73-F3A3B8D727E4}.Design|x86.ActiveCfg = Design|Any CPU
		{92BAF5EC-0D41-41F4-BD73-F3A3B8D727E4}.Release|Any CPU.ActiveCfg = Release|Any CPU
		{92BAF5EC-0D41-41F4-BD73-F3A3B8D727E4}.Release|Any CPU.Build.0 = Release|Any CPU
		{92BAF5EC-0D41-41F4-BD73-F3A3B8D727E4}.Release|ARM.ActiveCfg = Release|Any CPU
		{92BAF5EC-0D41-41F4-BD73-F3A3B8D727E4}.Release|Mixed Platforms.ActiveCfg = Release|Any CPU
		{92BAF5EC-0D41-41F4-BD73-F3A3B8D727E4}.Release|Mixed Platforms.Build.0 = Release|Any CPU
		{92BAF5EC-0D41-41F4-BD73-F3A3B8D727E4}.Release|x64.ActiveCfg = Release|Any CPU
		{92BAF5EC-0D41-41F4-BD73-F3A3B8D727E4}.Release|x86.ActiveCfg = Release|Any CPU
	EndGlobalSection
	GlobalSection(SolutionProperties) = preSolution
		HideSolutionNode = FALSE
	EndGlobalSection
	GlobalSection(NestedProjects) = preSolution
		{29F9EB75-B397-4399-BE10-1ACCBFC819BD} = {447CA6F7-4EE9-437A-B499-79FA33E7F231}
		{87561CD3-4CE3-4601-AE84-F972F28EED00} = {447CA6F7-4EE9-437A-B499-79FA33E7F231}
		{3A08F5E9-D19E-425C-8960-ECC22821CD05} = {447CA6F7-4EE9-437A-B499-79FA33E7F231}
		{F6069EFF-771C-4FFB-9E03-67AEA1458AB1} = {B666D2B4-82E7-4F33-A4F6-A1C1A8C1183A}
		{C18F36EF-34A7-4BB2-AA32-6E35919A3707} = {B666D2B4-82E7-4F33-A4F6-A1C1A8C1183A}
		{2000D388-AE31-46F9-B811-70581E96C03C} = {E618722A-B6AB-4E83-8BFB-639379FDD56A}
		{5F05558D-EFCA-44D5-BE4A-C9E9BE21FBD8} = {E618722A-B6AB-4E83-8BFB-639379FDD56A}
		{D53F2C6C-B499-4ACD-A116-1CFCA6D78EFB} = {E618722A-B6AB-4E83-8BFB-639379FDD56A}
		{F4A9E580-EE40-4DAB-A097-20308E80C713} = {E618722A-B6AB-4E83-8BFB-639379FDD56A}
		{71E2B7DA-CD2E-4820-8421-3CB4BF3A2F44} = {E618722A-B6AB-4E83-8BFB-639379FDD56A}
		{B4164F57-CF7F-4423-995E-46F12AB7444F} = {E618722A-B6AB-4E83-8BFB-639379FDD56A}
		{6FFE85EC-CAB7-40DA-84AD-4B974F59CA94} = {E618722A-B6AB-4E83-8BFB-639379FDD56A}
		{C420FEF4-1080-4BAC-AFDD-0B23BF547BBF} = {B666D2B4-82E7-4F33-A4F6-A1C1A8C1183A}
		{92BAF5EC-0D41-41F4-BD73-F3A3B8D727E4} = {B666D2B4-82E7-4F33-A4F6-A1C1A8C1183A}
	EndGlobalSection
EndGlobal
